# This file is automatically @generated by Cargo.
# It is not intended for manual editing.
version = 4

[[package]]
name = "vita"
version = "0.2.0"
dependencies = [
 "vita-chem",
 "vita-core",
 "vita-io",
]

[[package]]
name = "vita-chem"
version = "0.0.0"
dependencies = [
 "vita-core",
]

[[package]]
name = "vita-core"
version = "0.2.0"

[[package]]
name = "vita-io"
version = "0.1.0"
dependencies = [
 "vita-core",
]
